
Microsoft Visual Studio Solution File, Format Version 12.00
# Visual Studio Version 16
VisualStudioVersion = 25.0.1706.6
MinimumVisualStudioVersion = 10.0.40219.1
Project("{FAE04EC0-301F-11D3-BF4B-00C04F79EFBC}") = "modul_07", "modul_07\modul_07.csproj", "{2CA3469C-9D3D-4017-A669-F84F1FB10048}"
EndProject
Global
	GlobalSection(SolutionConfigurationPlatforms) = preSolution
		Debug|Any CPU = Debug|Any CPU
		Release|Any CPU = Release|Any CPU
	EndGlobalSection
	GlobalSection(ProjectConfigurationPlatforms) = postSolution
		{2CA3469C-9D3D-4017-A669-F84F1FB10048}.Debug|Any CPU.ActiveCfg = Debug|Any CPU
		{2CA3469C-9D3D-4017-A669-F84F1FB10048}.Debug|Any CPU.Build.0 = Debug|Any CPU
		{2CA3469C-9D3D-4017-A669-F84F1FB10048}.Release|Any CPU.ActiveCfg = Release|Any CPU
		{2CA3469C-9D3D-4017-A669-F84F1FB10048}.Release|Any CPU.Build.0 = Release|Any CPU
	EndGlobalSection
	GlobalSection(SolutionProperties) = preSolution
		HideSolutionNode = FALSE
	EndGlobalSection
	GlobalSection(ExtensibilityGlobals) = postSolution
		SolutionGuid = {98A45D0E-78CE-4BFD-A3AC-570AE4BB1970}
	EndGlobalSection
EndGlobal
